
Microsoft Visual Studio Solution File, Format Version 12.00
# Visual Studio Version 17
VisualStudioVersion = 17.11.35303.130
MinimumVisualStudioVersion = 10.0.40219.1
Project("{2150E333-8FDC-42A3-9474-1A3956D46DE8}") = "Task0", "Task0", "{F9B5C3FF-B825-4F69-BB9F-C675E4195752}"
EndProject
Project("{FAE04EC0-301F-11D3-BF4B-00C04F79EFBC}") = "Tyuiu.TiasinIA.Sprint4.Task0.V9", "Tyuiu.TiasinIA.Sprint4.Task0.V9\Tyuiu.TiasinIA.Sprint4.Task0.V9.csproj", "{1C4E18DB-3278-4463-B74D-AC957CE3ACB2}"
EndProject
Project("{FAE04EC0-301F-11D3-BF4B-00C04F79EFBC}") = "Tyuiu.TiasinIA.Sprint4.Task0.V9.Lib", "Tyuiu.TiasinIA.Sprint4.Task0.V9.Lib\Tyuiu.TiasinIA.Sprint4.Task0.V9.Lib.csproj", "{AC651F27-B53F-4CFC-AB84-6904608715F1}"
EndProject
Project("{FAE04EC0-301F-11D3-BF4B-00C04F79EFBC}") = "Tyuiu.TiasinIA.Sprint4.Task0.V9.Test", "Tyuiu.TiasinIA.Sprint4.Task0.V9.Test\Tyuiu.TiasinIA.Sprint4.Task0.V9.Test.csproj", "{F1710285-4C58-4812-83B7-C4BC302DC391}"
EndProject
Project("{2150E333-8FDC-42A3-9474-1A3956D46DE8}") = "Task1", "Task1", "{855E285B-1F26-460A-BADE-4F4CACD17ED0}"
EndProject
Project("{FAE04EC0-301F-11D3-BF4B-00C04F79EFBC}") = "Tyuiu.TiasinIA.Sprint4.Task1.V9", "Tyuiu.TiasinIA.Sprint4.Task1.V9\Tyuiu.TiasinIA.Sprint4.Task1.V9.csproj", "{398A006C-78E4-430E-8F6B-E78C3FCAE23E}"
EndProject
Project("{FAE04EC0-301F-11D3-BF4B-00C04F79EFBC}") = "Tyuiu.TiasinIA.Sprint4.Task1.V9.Lib", "Tyuiu.TiasinIA.Sprint4.Task1.V9.Lib\Tyuiu.TiasinIA.Sprint4.Task1.V9.Lib.csproj", "{6E1DFA71-5EC7-4B80-84A1-B01B972E2DD9}"
EndProject
Project("{FAE04EC0-301F-11D3-BF4B-00C04F79EFBC}") = "Tyuiu.TiasinIA.Sprint4.Task1.V9.Test", "Tyuiu.TiasinIA.Sprint4.Task1.V9.Test\Tyuiu.TiasinIA.Sprint4.Task1.V9.Test.csproj", "{F02133B1-EC5D-43D9-8E26-A4B2AB72AF9B}"
EndProject
Project("{2150E333-8FDC-42A3-9474-1A3956D46DE8}") = "Task2", "Task2", "{3B9A8206-480A-4012-9757-A7CBC09EA549}"
EndProject
Project("{FAE04EC0-301F-11D3-BF4B-00C04F79EFBC}") = "Tyuiu.TiasinIA.Sprint4.Task2.V6", "Tyuiu.TiasinIA.Sprint4.Task2.V6\Tyuiu.TiasinIA.Sprint4.Task2.V6.csproj", "{DD98A30C-0699-47AA-8D00-AA23AB8C4AE2}"
EndProject
Project("{FAE04EC0-301F-11D3-BF4B-00C04F79EFBC}") = "Tyuiu.TiasinIA.Sprint4.Task2.V6.Lib", "Tyuiu.TiasinIA.Sprint4.Task2.V6.Lib\Tyuiu.TiasinIA.Sprint4.Task2.V6.Lib.csproj", "{5FDA2B82-8835-4BAA-856E-6E3CEDC05534}"
EndProject
Project("{FAE04EC0-301F-11D3-BF4B-00C04F79EFBC}") = "Tyuiu.TiasinIA.Sprint4.Task2.V6.Test", "Tyuiu.TiasinIA.Sprint4.Task2.V6.Test\Tyuiu.TiasinIA.Sprint4.Task2.V6.Test.csproj", "{4426544B-BB2D-4B79-BC53-EDFF9812DFE8}"
EndProject
Global
	GlobalSection(SolutionConfigurationPlatforms) = preSolution
		Debug|Any CPU = Debug|Any CPU
		Release|Any CPU = Release|Any CPU
	EndGlobalSection
	GlobalSection(ProjectConfigurationPlatforms) = postSolution
		{1C4E18DB-3278-4463-B74D-AC957CE3ACB2}.Debug|Any CPU.ActiveCfg = Debug|Any CPU
		{1C4E18DB-3278-4463-B74D-AC957CE3ACB2}.Debug|Any CPU.Build.0 = Debug|Any CPU
		{1C4E18DB-3278-4463-B74D-AC957CE3ACB2}.Release|Any CPU.ActiveCfg = Release|Any CPU
		{1C4E18DB-3278-4463-B74D-AC957CE3ACB2}.Release|Any CPU.Build.0 = Release|Any CPU
		{AC651F27-B53F-4CFC-AB84-6904608715F1}.Debug|Any CPU.ActiveCfg = Debug|Any CPU
		{AC651F27-B53F-4CFC-AB84-6904608715F1}.Debug|Any CPU.Build.0 = Debug|Any CPU
		{AC651F27-B53F-4CFC-AB84-6904608715F1}.Release|Any CPU.ActiveCfg = Release|Any CPU
		{AC651F27-B53F-4CFC-AB84-6904608715F1}.Release|Any CPU.Build.0 = Release|Any CPU
		{F1710285-4C58-4812-83B7-C4BC302DC391}.Debug|Any CPU.ActiveCfg = Debug|Any CPU
		{F1710285-4C58-4812-83B7-C4BC302DC391}.Debug|Any CPU.Build.0 = Debug|Any CPU
		{F1710285-4C58-4812-83B7-C4BC302DC391}.Release|Any CPU.ActiveCfg = Release|Any CPU
		{F1710285-4C58-4812-83B7-C4BC302DC391}.Release|Any CPU.Build.0 = Release|Any CPU
		{398A006C-78E4-430E-8F6B-E78C3FCAE23E}.Debug|Any CPU.ActiveCfg = Debug|Any CPU
		{398A006C-78E4-430E-8F6B-E78C3FCAE23E}.Debug|Any CPU.Build.0 = Debug|Any CPU
		{398A006C-78E4-430E-8F6B-E78C3FCAE23E}.Release|Any CPU.ActiveCfg = Release|Any CPU
		{398A006C-78E4-430E-8F6B-E78C3FCAE23E}.Release|Any CPU.Build.0 = Release|Any CPU
		{6E1DFA71-5EC7-4B80-84A1-B01B972E2DD9}.Debug|Any CPU.ActiveCfg = Debug|Any CPU
		{6E1DFA71-5EC7-4B80-84A1-B01B972E2DD9}.Debug|Any CPU.Build.0 = Debug|Any CPU
		{6E1DFA71-5EC7-4B80-84A1-B01B972E2DD9}.Release|Any CPU.ActiveCfg = Release|Any CPU
		{6E1DFA71-5EC7-4B80-84A1-B01B972E2DD9}.Release|Any CPU.Build.0 = Release|Any CPU
		{F02133B1-EC5D-43D9-8E26-A4B2AB72AF9B}.Debug|Any CPU.ActiveCfg = Debug|Any CPU
		{F02133B1-EC5D-43D9-8E26-A4B2AB72AF9B}.Debug|Any CPU.Build.0 = Debug|Any CPU
		{F02133B1-EC5D-43D9-8E26-A4B2AB72AF9B}.Release|Any CPU.ActiveCfg = Release|Any CPU
		{F02133B1-EC5D-43D9-8E26-A4B2AB72AF9B}.Release|Any CPU.Build.0 = Release|Any CPU
		{DD98A30C-0699-47AA-8D00-AA23AB8C4AE2}.Debug|Any CPU.ActiveCfg = Debug|Any CPU
		{DD98A30C-0699-47AA-8D00-AA23AB8C4AE2}.Debug|Any CPU.Build.0 = Debug|Any CPU
		{DD98A30C-0699-47AA-8D00-AA23AB8C4AE2}.Release|Any CPU.ActiveCfg = Release|Any CPU
		{DD98A30C-0699-47AA-8D00-AA23AB8C4AE2}.Release|Any CPU.Build.0 = Release|Any CPU
		{5FDA2B82-8835-4BAA-856E-6E3CEDC05534}.Debug|Any CPU.ActiveCfg = Debug|Any CPU
		{5FDA2B82-8835-4BAA-856E-6E3CEDC05534}.Debug|Any CPU.Build.0 = Debug|Any CPU
		{5FDA2B82-8835-4BAA-856E-6E3CEDC05534}.Release|Any CPU.ActiveCfg = Release|Any CPU
		{5FDA2B82-8835-4BAA-856E-6E3CEDC05534}.Release|Any CPU.Build.0 = Release|Any CPU
		{4426544B-BB2D-4B79-BC53-EDFF9812DFE8}.Debug|Any CPU.ActiveCfg = Debug|Any CPU
		{4426544B-BB2D-4B79-BC53-EDFF9812DFE8}.Debug|Any CPU.Build.0 = Debug|Any CPU
		{4426544B-BB2D-4B79-BC53-EDFF9812DFE8}.Release|Any CPU.ActiveCfg = Release|Any CPU
		{4426544B-BB2D-4B79-BC53-EDFF9812DFE8}.Release|Any CPU.Build.0 = Release|Any CPU
	EndGlobalSection
	GlobalSection(SolutionProperties) = preSolution
		HideSolutionNode = FALSE
	EndGlobalSection
	GlobalSection(NestedProjects) = preSolution
		{1C4E18DB-3278-4463-B74D-AC957CE3ACB2} = {F9B5C3FF-B825-4F69-BB9F-C675E4195752}
		{AC651F27-B53F-4CFC-AB84-6904608715F1} = {F9B5C3FF-B825-4F69-BB9F-C675E4195752}
		{F1710285-4C58-4812-83B7-C4BC302DC391} = {F9B5C3FF-B825-4F69-BB9F-C675E4195752}
		{398A006C-78E4-430E-8F6B-E78C3FCAE23E} = {855E285B-1F26-460A-BADE-4F4CACD17ED0}
		{6E1DFA71-5EC7-4B80-84A1-B01B972E2DD9} = {855E285B-1F26-460A-BADE-4F4CACD17ED0}
		{F02133B1-EC5D-43D9-8E26-A4B2AB72AF9B} = {855E285B-1F26-460A-BADE-4F4CACD17ED0}
		{DD98A30C-0699-47AA-8D00-AA23AB8C4AE2} = {3B9A8206-480A-4012-9757-A7CBC09EA549}
		{5FDA2B82-8835-4BAA-856E-6E3CEDC05534} = {3B9A8206-480A-4012-9757-A7CBC09EA549}
		{4426544B-BB2D-4B79-BC53-EDFF9812DFE8} = {3B9A8206-480A-4012-9757-A7CBC09EA549}
	EndGlobalSection
	GlobalSection(ExtensibilityGlobals) = postSolution
		SolutionGuid = {25C768C4-A3FC-4DFD-9DF4-10A679DD6C12}
	EndGlobalSection
EndGlobal
